<?xml version="1.0" encoding="utf-8"?>
<Project ToolsVersion="4.0" xmlns="http://schemas.microsoft.com/developer/msbuild/2003">
  <ItemGroup>
    <Manifest Include="settings.manifest" />
  </ItemGroup>
  <ItemGroup>
    <ClCompile Include="Game.cpp" />
    <ClCompile Include="Main.cpp" />
    <ClCompile Include="pch.cpp" />
    <ClCompile Include="Classes\8\MouseManager.cpp">
      <Filter>8</Filter>
    </ClCompile>
    <ClCompile Include="Classes\8\Panel.cpp">
      <Filter>8</Filter>
    </ClCompile>
    <ClCompile Include="Classes\21\GamePlay.cpp">
      <Filter>21</Filter>
    </ClCompile>
    <ClCompile Include="Classes\21\GameTitle.cpp">
      <Filter>21</Filter>
    </ClCompile>
    <ClCompile Include="Classes\8\ADX2Le.cpp">
      <Filter>8</Filter>
    </ClCompile>
    <ClCompile Include="Classes\20\Player.cpp">
      <Filter>20</Filter>
    </ClCompile>
  </ItemGroup>
  <ItemGroup>
    <ClInclude Include="Game.h" />
    <ClInclude Include="pch.h" />
    <ClInclude Include="StepTimer.h" />
    <ClInclude Include="Classes\8\MouseManager.h">
      <Filter>8</Filter>
    </ClInclude>
    <ClInclude Include="Classes\8\Panel.h">
      <Filter>8</Filter>
    </ClInclude>
    <ClInclude Include="Classes\21\GamePlay.h">
      <Filter>21</Filter>
    </ClInclude>
    <ClInclude Include="Classes\21\GameScene.h">
      <Filter>21</Filter>
    </ClInclude>
    <ClInclude Include="Classes\21\GameTitle.h">
      <Filter>21</Filter>
    </ClInclude>
    <ClInclude Include="Classes\8\ADX2Le.h">
      <Filter>8</Filter>
    </ClInclude>
    <ClInclude Include="Classes\20\Player.h">
      <Filter>20</Filter>
    </ClInclude>
    <ClInclude Include="Sounds\GamePlaySounds.h">
      <Filter>sound</Filter>
    </ClInclude>
    <ClInclude Include="Sounds\GameJam_acf.h">
      <Filter>sound</Filter>
    </ClInclude>
  </ItemGroup>
  <ItemGroup>
    <ResourceCompile Include="resource.rc" />
  </ItemGroup>
  <ItemGroup>
    <Image Include="directx.ico" />
  </ItemGroup>
  <ItemGroup>
    <Filter Include="8">
      <UniqueIdentifier>{55e6a288-7de5-424e-b0a0-f703b5b65211}</UniqueIdentifier>
    </Filter>
    <Filter Include="20">
      <UniqueIdentifier>{fe32fefc-c5da-414b-9984-964428725ca5}</UniqueIdentifier>
    </Filter>
    <Filter Include="21">
      <UniqueIdentifier>{7e839315-f3fd-4def-bcf9-4f880125c172}</UniqueIdentifier>
    </Filter>
    <Filter Include="sound">
      <UniqueIdentifier>{1775472e-245c-4336-a7f9-7599716c230d}</UniqueIdentifier>
    </Filter>
  </ItemGroup>
</Project>